
Microsoft Visual Studio Solution File, Format Version 12.00
# Visual Studio Version 16
VisualStudioVersion = 16.0.29509.3
MinimumVisualStudioVersion = 10.0.40219.1
Project("{FAE04EC0-301F-11D3-BF4B-00C04F79EFBC}") = "AFSPacker", "AFSPacker\AFSPacker.csproj", "{4026B135-B71F-4D0E-845F-63565E367DFA}"
EndProject
Global
	GlobalSection(SolutionConfigurationPlatforms) = preSolution
		Debug|Any CPU = Debug|Any CPU
		Release|Any CPU = Release|Any CPU
	EndGlobalSection
	GlobalSection(ProjectConfigurationPlatforms) = postSolution
		{4026B135-B71F-4D0E-845F-63565E367DFA}.Debug|Any CPU.ActiveCfg = Debug|Any CPU
		{4026B135-B71F-4D0E-845F-63565E367DFA}.Debug|Any CPU.Build.0 = Debug|Any CPU
		{4026B135-B71F-4D0E-845F-63565E367DFA}.Release|Any CPU.ActiveCfg = Release|Any CPU
		{4026B135-B71F-4D0E-845F-63565E367DFA}.Release|Any CPU.Build.0 = Release|Any CPU
	EndGlobalSection
	GlobalSection(SolutionProperties) = preSolution
		HideSolutionNode = FALSE
	EndGlobalSection
	GlobalSection(ExtensibilityGlobals) = postSolution
		SolutionGuid = {FCD33589-24D5-409F-9CE5-61BEFF1A06E3}
	EndGlobalSection
EndGlobal
