
Microsoft Visual Studio Solution File, Format Version 12.00
# Visual Studio Version 16
VisualStudioVersion = 16.0.30611.23
MinimumVisualStudioVersion = 10.0.40219.1
Project("{9A19103F-16F7-4668-BE54-9A1E7A4F7556}") = "AFSPacker", "AFSPacker\AFSPacker.csproj", "{CC3648A5-E91F-4CF0-BBA3-10422A17B4D9}"
EndProject
Project("{2150E333-8FDC-42A3-9474-1A3956D46DE8}") = "Solution Items", "Solution Items", "{72A5AA7B-3CAE-46FC-A5F5-92E83AED8910}"
	ProjectSection(SolutionItems) = preProject
		.editorconfig = .editorconfig
	EndProjectSection
EndProject
Global
	GlobalSection(SolutionConfigurationPlatforms) = preSolution
		Debug|Any CPU = Debug|Any CPU
		Release|Any CPU = Release|Any CPU
	EndGlobalSection
	GlobalSection(ProjectConfigurationPlatforms) = postSolution
		{CC3648A5-E91F-4CF0-BBA3-10422A17B4D9}.Debug|Any CPU.ActiveCfg = Debug|Any CPU
		{CC3648A5-E91F-4CF0-BBA3-10422A17B4D9}.Debug|Any CPU.Build.0 = Debug|Any CPU
		{CC3648A5-E91F-4CF0-BBA3-10422A17B4D9}.Release|Any CPU.ActiveCfg = Release|Any CPU
		{CC3648A5-E91F-4CF0-BBA3-10422A17B4D9}.Release|Any CPU.Build.0 = Release|Any CPU
	EndGlobalSection
	GlobalSection(SolutionProperties) = preSolution
		HideSolutionNode = FALSE
	EndGlobalSection
	GlobalSection(ExtensibilityGlobals) = postSolution
		SolutionGuid = {511E9D1B-A777-4A69-8C6A-750E112A2A10}
	EndGlobalSection
EndGlobal
